
Microsoft Visual Studio Solution File, Format Version 12.00
# Visual Studio Version 17
VisualStudioVersion = 17.0.31903.59
MinimumVisualStudioVersion = 10.0.40219.1
Project("{2150E333-8FDC-42A3-9474-1A3956D46DE8}") = "runner", "runner", "{670CFE11-21B1-39BF-3A5B-4FA10AB6CBEB}"
EndProject
Project("{FAE04EC0-301F-11D3-BF4B-00C04F79EFBC}") = "xdebugnet.runner", "runner\xdebugnet.runner.csproj", "{9878B83B-A232-4DD4-844A-41EB00F14D2A}"
EndProject
Project("{2150E333-8FDC-42A3-9474-1A3956D46DE8}") = "lib", "lib", "{3A8DF596-E814-FECC-DD4B-D8EF8AAC1A0D}"
EndProject
Project("{FAE04EC0-301F-11D3-BF4B-00C04F79EFBC}") = "xdebugnet.lib", "lib\xdebugnet.lib.csproj", "{B958D8B7-4021-422D-8044-CACEF70D40DE}"
EndProject
Global
	GlobalSection(SolutionConfigurationPlatforms) = preSolution
		Debug|Any CPU = Debug|Any CPU
		Debug|x64 = Debug|x64
		Debug|x86 = Debug|x86
		Release|Any CPU = Release|Any CPU
		Release|x64 = Release|x64
		Release|x86 = Release|x86
	EndGlobalSection
	GlobalSection(ProjectConfigurationPlatforms) = postSolution
		{9878B83B-A232-4DD4-844A-41EB00F14D2A}.Debug|Any CPU.ActiveCfg = Debug|Any CPU
		{9878B83B-A232-4DD4-844A-41EB00F14D2A}.Debug|Any CPU.Build.0 = Debug|Any CPU
		{9878B83B-A232-4DD4-844A-41EB00F14D2A}.Debug|x64.ActiveCfg = Debug|Any CPU
		{9878B83B-A232-4DD4-844A-41EB00F14D2A}.Debug|x64.Build.0 = Debug|Any CPU
		{9878B83B-A232-4DD4-844A-41EB00F14D2A}.Debug|x86.ActiveCfg = Debug|Any CPU
		{9878B83B-A232-4DD4-844A-41EB00F14D2A}.Debug|x86.Build.0 = Debug|Any CPU
		{9878B83B-A232-4DD4-844A-41EB00F14D2A}.Release|Any CPU.ActiveCfg = Release|Any CPU
		{9878B83B-A232-4DD4-844A-41EB00F14D2A}.Release|Any CPU.Build.0 = Release|Any CPU
		{9878B83B-A232-4DD4-844A-41EB00F14D2A}.Release|x64.ActiveCfg = Release|Any CPU
		{9878B83B-A232-4DD4-844A-41EB00F14D2A}.Release|x64.Build.0 = Release|Any CPU
		{9878B83B-A232-4DD4-844A-41EB00F14D2A}.Release|x86.ActiveCfg = Release|Any CPU
		{9878B83B-A232-4DD4-844A-41EB00F14D2A}.Release|x86.Build.0 = Release|Any CPU
		{B958D8B7-4021-422D-8044-CACEF70D40DE}.Debug|Any CPU.ActiveCfg = Debug|Any CPU
		{B958D8B7-4021-422D-8044-CACEF70D40DE}.Debug|Any CPU.Build.0 = Debug|Any CPU
		{B958D8B7-4021-422D-8044-CACEF70D40DE}.Debug|x64.ActiveCfg = Debug|Any CPU
		{B958D8B7-4021-422D-8044-CACEF70D40DE}.Debug|x64.Build.0 = Debug|Any CPU
		{B958D8B7-4021-422D-8044-CACEF70D40DE}.Debug|x86.ActiveCfg = Debug|Any CPU
		{B958D8B7-4021-422D-8044-CACEF70D40DE}.Debug|x86.Build.0 = Debug|Any CPU
		{B958D8B7-4021-422D-8044-CACEF70D40DE}.Release|Any CPU.ActiveCfg = Release|Any CPU
		{B958D8B7-4021-422D-8044-CACEF70D40DE}.Release|Any CPU.Build.0 = Release|Any CPU
		{B958D8B7-4021-422D-8044-CACEF70D40DE}.Release|x64.ActiveCfg = Release|Any CPU
		{B958D8B7-4021-422D-8044-CACEF70D40DE}.Release|x64.Build.0 = Release|Any CPU
		{B958D8B7-4021-422D-8044-CACEF70D40DE}.Release|x86.ActiveCfg = Release|Any CPU
		{B958D8B7-4021-422D-8044-CACEF70D40DE}.Release|x86.Build.0 = Release|Any CPU
	EndGlobalSection
	GlobalSection(SolutionProperties) = preSolution
		HideSolutionNode = FALSE
	EndGlobalSection
	GlobalSection(NestedProjects) = preSolution
		{9878B83B-A232-4DD4-844A-41EB00F14D2A} = {670CFE11-21B1-39BF-3A5B-4FA10AB6CBEB}
		{B958D8B7-4021-422D-8044-CACEF70D40DE} = {3A8DF596-E814-FECC-DD4B-D8EF8AAC1A0D}
	EndGlobalSection
EndGlobal
